
Microsoft Visual Studio Solution File, Format Version 12.00
# Visual Studio 15
VisualStudioVersion = 15.0.28010.2019
MinimumVisualStudioVersion = 10.0.40219.1
Project("{FAE04EC0-301F-11D3-BF4B-00C04F79EFBC}") = "Task1", "Task1\Task1.csproj", "{D46D5B2C-06BA-4400-ABFE-FA6BEA2805A4}"
EndProject
Project("{FAE04EC0-301F-11D3-BF4B-00C04F79EFBC}") = "Task2", "Task2\Task2.csproj", "{723AC2B9-3FBF-4092-99C7-C67F94CF85D5}"
EndProject
Project("{FAE04EC0-301F-11D3-BF4B-00C04F79EFBC}") = "Task3", "Task3\Task3.csproj", "{45BDFADF-16AA-4730-A3B7-881BF2C77B10}"
EndProject
Global
	GlobalSection(SolutionConfigurationPlatforms) = preSolution
		Debug|Any CPU = Debug|Any CPU
		Release|Any CPU = Release|Any CPU
	EndGlobalSection
	GlobalSection(ProjectConfigurationPlatforms) = postSolution
		{D46D5B2C-06BA-4400-ABFE-FA6BEA2805A4}.Debug|Any CPU.ActiveCfg = Debug|Any CPU
		{D46D5B2C-06BA-4400-ABFE-FA6BEA2805A4}.Debug|Any CPU.Build.0 = Debug|Any CPU
		{D46D5B2C-06BA-4400-ABFE-FA6BEA2805A4}.Release|Any CPU.ActiveCfg = Release|Any CPU
		{D46D5B2C-06BA-4400-ABFE-FA6BEA2805A4}.Release|Any CPU.Build.0 = Release|Any CPU
		{723AC2B9-3FBF-4092-99C7-C67F94CF85D5}.Debug|Any CPU.ActiveCfg = Debug|Any CPU
		{723AC2B9-3FBF-4092-99C7-C67F94CF85D5}.Debug|Any CPU.Build.0 = Debug|Any CPU
		{723AC2B9-3FBF-4092-99C7-C67F94CF85D5}.Release|Any CPU.ActiveCfg = Release|Any CPU
		{723AC2B9-3FBF-4092-99C7-C67F94CF85D5}.Release|Any CPU.Build.0 = Release|Any CPU
		{45BDFADF-16AA-4730-A3B7-881BF2C77B10}.Debug|Any CPU.ActiveCfg = Debug|Any CPU
		{45BDFADF-16AA-4730-A3B7-881BF2C77B10}.Debug|Any CPU.Build.0 = Debug|Any CPU
		{45BDFADF-16AA-4730-A3B7-881BF2C77B10}.Release|Any CPU.ActiveCfg = Release|Any CPU
		{45BDFADF-16AA-4730-A3B7-881BF2C77B10}.Release|Any CPU.Build.0 = Release|Any CPU
	EndGlobalSection
	GlobalSection(SolutionProperties) = preSolution
		HideSolutionNode = FALSE
	EndGlobalSection
	GlobalSection(ExtensibilityGlobals) = postSolution
		SolutionGuid = {81A826A4-7A48-43C8-9B7E-1707A4068C67}
	EndGlobalSection
EndGlobal
