<?xml version="1.0" encoding="utf-8"?>
<Project ToolsVersion="4.0" xmlns="http://schemas.microsoft.com/developer/msbuild/2003">
  <ItemGroup>
    <ClCompile Include="test.cpp" />
    <ClCompile Include="pch.cpp" />
  </ItemGroup>
  <ItemGroup>
    <ClInclude Include="pch.h" />
  </ItemGroup>
  <ItemGroup>
    <Filter Include="Resource Files">
      <UniqueIdentifier>{569cb6d6-ae58-421e-9fb3-d99533232148}</UniqueIdentifier>
    </Filter>
    <Filter Include="Resource Files\TestDefault">
      <UniqueIdentifier>{1a243a0d-bfb1-4186-af4e-130c39bbe4db}</UniqueIdentifier>
    </Filter>
    <Filter Include="Resource Files\ShuffleOrder">
      <UniqueIdentifier>{6a624323-97f5-4865-aa9c-0142bfbba5ae}</UniqueIdentifier>
    </Filter>
    <Filter Include="Resource Files\ShuffleOrder2">
      <UniqueIdentifier>{332df5a3-ae62-4971-a500-fee2a85a2e00}</UniqueIdentifier>
    </Filter>
    <Filter Include="Resource Files\ExtraElement">
      <UniqueIdentifier>{ddce89dd-259e-4465-bae7-30fcc97abe96}</UniqueIdentifier>
    </Filter>
    <Filter Include="Resource Files\DirectOrder">
      <UniqueIdentifier>{f27a5997-3dff-40ca-830a-623c09319a76}</UniqueIdentifier>
    </Filter>
    <Filter Include="Resource Files\DirectOrder2">
      <UniqueIdentifier>{8e7b248c-542d-4b37-849a-f36802f674e3}</UniqueIdentifier>
    </Filter>
    <Filter Include="Resource Files\List">
      <UniqueIdentifier>{34ba33ac-c9da-4acd-897a-4b936b481a19}</UniqueIdentifier>
    </Filter>
    <Filter Include="Resource Files\IncorrectData">
      <UniqueIdentifier>{39961c3e-5261-455a-84b8-2cb89329b6f8}</UniqueIdentifier>
    </Filter>
    <Filter Include="Resource Files\MiniTree">
      <UniqueIdentifier>{5dfcd58a-fcef-48de-9d98-dcdc9d84a5fc}</UniqueIdentifier>
    </Filter>
    <Filter Include="Resource Files\MegaTree">
      <UniqueIdentifier>{36a945d2-3614-4178-9eae-29ea78442168}</UniqueIdentifier>
    </Filter>
  </ItemGroup>
  <ItemGroup>
    <Text Include="input.txt">
      <Filter>Resource Files\TestDefault</Filter>
    </Text>
    <Text Include="answer.txt">
      <Filter>Resource Files\TestDefault</Filter>
    </Text>
    <Text Include="input2.txt">
      <Filter>Resource Files\ShuffleOrder</Filter>
    </Text>
    <Text Include="answer2.txt">
      <Filter>Resource Files\ShuffleOrder</Filter>
    </Text>
    <Text Include="input3.txt">
      <Filter>Resource Files\ShuffleOrder2</Filter>
    </Text>
    <Text Include="answer3.txt">
      <Filter>Resource Files\ShuffleOrder2</Filter>
    </Text>
    <Text Include="input4.txt">
      <Filter>Resource Files\ExtraElement</Filter>
    </Text>
    <Text Include="answer4.txt">
      <Filter>Resource Files\ExtraElement</Filter>
    </Text>
    <Text Include="input5.txt">
      <Filter>Resource Files\DirectOrder</Filter>
    </Text>
    <Text Include="answer5.txt">
      <Filter>Resource Files\DirectOrder</Filter>
    </Text>
    <Text Include="input6.txt">
      <Filter>Resource Files\DirectOrder2</Filter>
    </Text>
    <Text Include="answer6.txt">
      <Filter>Resource Files\DirectOrder2</Filter>
    </Text>
    <Text Include="input7.txt">
      <Filter>Resource Files\List</Filter>
    </Text>
    <Text Include="answer7.txt">
      <Filter>Resource Files\List</Filter>
    </Text>
    <Text Include="input8.txt">
      <Filter>Resource Files\IncorrectData</Filter>
    </Text>
    <Text Include="answer8.txt">
      <Filter>Resource Files\IncorrectData</Filter>
    </Text>
    <Text Include="input9.txt">
      <Filter>Resource Files\MiniTree</Filter>
    </Text>
    <Text Include="answer9.txt">
      <Filter>Resource Files\MiniTree</Filter>
    </Text>
    <Text Include="input10.txt">
      <Filter>Resource Files\MegaTree</Filter>
    </Text>
    <Text Include="answer10.txt">
      <Filter>Resource Files\MegaTree</Filter>
    </Text>
  </ItemGroup>
</Project>