
Microsoft Visual Studio Solution File, Format Version 12.00
# Visual Studio 15
VisualStudioVersion = 15.0.28010.2019
MinimumVisualStudioVersion = 10.0.40219.1
Project("{8BC9CEB8-8B4A-11D0-8D11-00A0C91BC942}") = "HomeWorkTask9.1", "HomeWorkTask9.1\HomeWorkTask9.1.vcxproj", "{40839AB8-E9EC-4861-B18B-68D75EC56D31}"
EndProject
Project("{8BC9CEB8-8B4A-11D0-8D11-00A0C91BC942}") = "HomeWorkTask9.2", "..\HomeWorkTask9.2\HomeWorkTask9.2\HomeWorkTask9.2.vcxproj", "{7AC0E2DD-AA7B-4FF9-9D1F-D9108FBF7EBB}"
EndProject
Global
	GlobalSection(SolutionConfigurationPlatforms) = preSolution
		Debug|x64 = Debug|x64
		Debug|x86 = Debug|x86
		Release|x64 = Release|x64
		Release|x86 = Release|x86
	EndGlobalSection
	GlobalSection(ProjectConfigurationPlatforms) = postSolution
		{40839AB8-E9EC-4861-B18B-68D75EC56D31}.Debug|x64.ActiveCfg = Debug|x64
		{40839AB8-E9EC-4861-B18B-68D75EC56D31}.Debug|x64.Build.0 = Debug|x64
		{40839AB8-E9EC-4861-B18B-68D75EC56D31}.Debug|x86.ActiveCfg = Debug|Win32
		{40839AB8-E9EC-4861-B18B-68D75EC56D31}.Debug|x86.Build.0 = Debug|Win32
		{40839AB8-E9EC-4861-B18B-68D75EC56D31}.Release|x64.ActiveCfg = Release|x64
		{40839AB8-E9EC-4861-B18B-68D75EC56D31}.Release|x64.Build.0 = Release|x64
		{40839AB8-E9EC-4861-B18B-68D75EC56D31}.Release|x86.ActiveCfg = Release|Win32
		{40839AB8-E9EC-4861-B18B-68D75EC56D31}.Release|x86.Build.0 = Release|Win32
		{7AC0E2DD-AA7B-4FF9-9D1F-D9108FBF7EBB}.Debug|x64.ActiveCfg = Debug|x64
		{7AC0E2DD-AA7B-4FF9-9D1F-D9108FBF7EBB}.Debug|x64.Build.0 = Debug|x64
		{7AC0E2DD-AA7B-4FF9-9D1F-D9108FBF7EBB}.Debug|x86.ActiveCfg = Debug|Win32
		{7AC0E2DD-AA7B-4FF9-9D1F-D9108FBF7EBB}.Debug|x86.Build.0 = Debug|Win32
		{7AC0E2DD-AA7B-4FF9-9D1F-D9108FBF7EBB}.Release|x64.ActiveCfg = Release|x64
		{7AC0E2DD-AA7B-4FF9-9D1F-D9108FBF7EBB}.Release|x64.Build.0 = Release|x64
		{7AC0E2DD-AA7B-4FF9-9D1F-D9108FBF7EBB}.Release|x86.ActiveCfg = Release|Win32
		{7AC0E2DD-AA7B-4FF9-9D1F-D9108FBF7EBB}.Release|x86.Build.0 = Release|Win32
	EndGlobalSection
	GlobalSection(SolutionProperties) = preSolution
		HideSolutionNode = FALSE
	EndGlobalSection
	GlobalSection(ExtensibilityGlobals) = postSolution
		SolutionGuid = {D1DEA787-3251-45F3-8628-897B43FBC04B}
	EndGlobalSection
EndGlobal
