
Microsoft Visual Studio Solution File, Format Version 12.00
# Visual Studio 15
VisualStudioVersion = 15.0.28010.2019
MinimumVisualStudioVersion = 10.0.40219.1
Project("{FAE04EC0-301F-11D3-BF4B-00C04F79EFBC}") = "Task1", "Task1\Task1.csproj", "{CD6332EF-A734-49B1-A7C4-FCAA41AAFA21}"
EndProject
Project("{FAE04EC0-301F-11D3-BF4B-00C04F79EFBC}") = "Task2", "Task2\Task2.csproj", "{C56585A2-44ED-40A2-A930-B1C7B49EB169}"
EndProject
Global
	GlobalSection(SolutionConfigurationPlatforms) = preSolution
		Debug|Any CPU = Debug|Any CPU
		Release|Any CPU = Release|Any CPU
	EndGlobalSection
	GlobalSection(ProjectConfigurationPlatforms) = postSolution
		{CD6332EF-A734-49B1-A7C4-FCAA41AAFA21}.Debug|Any CPU.ActiveCfg = Debug|Any CPU
		{CD6332EF-A734-49B1-A7C4-FCAA41AAFA21}.Debug|Any CPU.Build.0 = Debug|Any CPU
		{CD6332EF-A734-49B1-A7C4-FCAA41AAFA21}.Release|Any CPU.ActiveCfg = Release|Any CPU
		{CD6332EF-A734-49B1-A7C4-FCAA41AAFA21}.Release|Any CPU.Build.0 = Release|Any CPU
		{C56585A2-44ED-40A2-A930-B1C7B49EB169}.Debug|Any CPU.ActiveCfg = Debug|Any CPU
		{C56585A2-44ED-40A2-A930-B1C7B49EB169}.Debug|Any CPU.Build.0 = Debug|Any CPU
		{C56585A2-44ED-40A2-A930-B1C7B49EB169}.Release|Any CPU.ActiveCfg = Release|Any CPU
		{C56585A2-44ED-40A2-A930-B1C7B49EB169}.Release|Any CPU.Build.0 = Release|Any CPU
	EndGlobalSection
	GlobalSection(SolutionProperties) = preSolution
		HideSolutionNode = FALSE
	EndGlobalSection
	GlobalSection(ExtensibilityGlobals) = postSolution
		SolutionGuid = {7F951C4A-9482-4FC1-BB34-A455D0EB1642}
	EndGlobalSection
EndGlobal
