
Microsoft Visual Studio Solution File, Format Version 12.00
# Visual Studio 15
VisualStudioVersion = 15.0.28010.2019
MinimumVisualStudioVersion = 10.0.40219.1
Project("{FAE04EC0-301F-11D3-BF4B-00C04F79EFBC}") = "Task1", "Task1\Task1.csproj", "{75731F06-5574-493D-BC30-615815F26CD3}"
EndProject
Project("{FAE04EC0-301F-11D3-BF4B-00C04F79EFBC}") = "Task2", "Task2\Task2.csproj", "{3E8019F7-8ED2-43D5-ADFC-707D586F23C0}"
EndProject
Project("{FAE04EC0-301F-11D3-BF4B-00C04F79EFBC}") = "Task3", "Task3\Task3.csproj", "{4693632A-562D-42B3-B4B4-47C1C5CE3511}"
EndProject
Global
	GlobalSection(SolutionConfigurationPlatforms) = preSolution
		Debug|Any CPU = Debug|Any CPU
		Release|Any CPU = Release|Any CPU
	EndGlobalSection
	GlobalSection(ProjectConfigurationPlatforms) = postSolution
		{75731F06-5574-493D-BC30-615815F26CD3}.Debug|Any CPU.ActiveCfg = Debug|Any CPU
		{75731F06-5574-493D-BC30-615815F26CD3}.Debug|Any CPU.Build.0 = Debug|Any CPU
		{75731F06-5574-493D-BC30-615815F26CD3}.Release|Any CPU.ActiveCfg = Release|Any CPU
		{75731F06-5574-493D-BC30-615815F26CD3}.Release|Any CPU.Build.0 = Release|Any CPU
		{3E8019F7-8ED2-43D5-ADFC-707D586F23C0}.Debug|Any CPU.ActiveCfg = Debug|Any CPU
		{3E8019F7-8ED2-43D5-ADFC-707D586F23C0}.Debug|Any CPU.Build.0 = Debug|Any CPU
		{3E8019F7-8ED2-43D5-ADFC-707D586F23C0}.Release|Any CPU.ActiveCfg = Release|Any CPU
		{3E8019F7-8ED2-43D5-ADFC-707D586F23C0}.Release|Any CPU.Build.0 = Release|Any CPU
		{4693632A-562D-42B3-B4B4-47C1C5CE3511}.Debug|Any CPU.ActiveCfg = Debug|Any CPU
		{4693632A-562D-42B3-B4B4-47C1C5CE3511}.Debug|Any CPU.Build.0 = Debug|Any CPU
		{4693632A-562D-42B3-B4B4-47C1C5CE3511}.Release|Any CPU.ActiveCfg = Release|Any CPU
		{4693632A-562D-42B3-B4B4-47C1C5CE3511}.Release|Any CPU.Build.0 = Release|Any CPU
	EndGlobalSection
	GlobalSection(SolutionProperties) = preSolution
		HideSolutionNode = FALSE
	EndGlobalSection
	GlobalSection(ExtensibilityGlobals) = postSolution
		SolutionGuid = {E1B92133-7028-4D85-85FE-9A8F650FFD77}
	EndGlobalSection
EndGlobal
