<?xml version="1.0" encoding="utf-8"?>
<Project ToolsVersion="4.0" xmlns="http://schemas.microsoft.com/developer/msbuild/2003">
  <ItemGroup>
    <ClCompile Include="test.cpp" />
    <ClCompile Include="pch.cpp" />
  </ItemGroup>
  <ItemGroup>
    <ClInclude Include="pch.h" />
  </ItemGroup>
  <ItemGroup>
    <Filter Include="Resource Files">
      <UniqueIdentifier>{9e3b914c-d616-4884-aadd-7180182b2afc}</UniqueIdentifier>
    </Filter>
    <Filter Include="Resource Files\TestDefault">
      <UniqueIdentifier>{d1d3ea3f-9dfc-47d8-83ae-2e2351f4aad6}</UniqueIdentifier>
    </Filter>
    <Filter Include="Resource Files\TestDirectOrder">
      <UniqueIdentifier>{2cc83c80-8d03-4e53-af8f-fd7ba77ad416}</UniqueIdentifier>
    </Filter>
    <Filter Include="Resource Files\TestMixedOrder">
      <UniqueIdentifier>{ce5ae740-3171-4297-95ef-897418b3e5df}</UniqueIdentifier>
    </Filter>
    <Filter Include="Resource Files\TestZeroCases">
      <UniqueIdentifier>{becf29f3-07ce-485c-9f43-f6a67739eff6}</UniqueIdentifier>
    </Filter>
    <Filter Include="Resource Files\TestZeroWithSum">
      <UniqueIdentifier>{bd88519a-5e76-419b-a4d8-c38d63e573bd}</UniqueIdentifier>
    </Filter>
    <Filter Include="Resource Files\TestZeroInRow">
      <UniqueIdentifier>{3ef3e773-b822-4103-af2e-8266431b88f3}</UniqueIdentifier>
    </Filter>
    <Filter Include="Resource Files\TestZeroWithPerem">
      <UniqueIdentifier>{d89c36b1-a40b-4097-b246-f1e9daa61244}</UniqueIdentifier>
    </Filter>
    <Filter Include="Resource Files\TestMixedOrder2">
      <UniqueIdentifier>{1569abb3-ecd0-4ddf-81b0-88ffb4963ab3}</UniqueIdentifier>
    </Filter>
    <Filter Include="Resource Files\TestMixedOrder3">
      <UniqueIdentifier>{9333f974-cee9-4f1c-93f2-d0ae8efe9aad}</UniqueIdentifier>
    </Filter>
    <Filter Include="Resource Files\TestNumbers">
      <UniqueIdentifier>{58fe8040-29f6-4527-9907-07274e01b61d}</UniqueIdentifier>
    </Filter>
  </ItemGroup>
  <ItemGroup>
    <Text Include="input1.txt">
      <Filter>Resource Files\TestDefault</Filter>
    </Text>
    <Text Include="answer1.txt">
      <Filter>Resource Files\TestDefault</Filter>
    </Text>
    <Text Include="input2.txt">
      <Filter>Resource Files\TestDirectOrder</Filter>
    </Text>
    <Text Include="answer2.txt">
      <Filter>Resource Files\TestDirectOrder</Filter>
    </Text>
    <Text Include="input3.txt">
      <Filter>Resource Files\TestMixedOrder</Filter>
    </Text>
    <Text Include="answer3.txt">
      <Filter>Resource Files\TestMixedOrder</Filter>
    </Text>
    <Text Include="input4.txt">
      <Filter>Resource Files\TestZeroCases</Filter>
    </Text>
    <Text Include="answer4.txt">
      <Filter>Resource Files\TestZeroCases</Filter>
    </Text>
    <Text Include="input5.txt">
      <Filter>Resource Files\TestZeroWithSum</Filter>
    </Text>
    <Text Include="answer5.txt">
      <Filter>Resource Files\TestZeroWithSum</Filter>
    </Text>
    <Text Include="input6.txt">
      <Filter>Resource Files\TestZeroInRow</Filter>
    </Text>
    <Text Include="answer6.txt">
      <Filter>Resource Files\TestZeroInRow</Filter>
    </Text>
    <Text Include="input7.txt">
      <Filter>Resource Files\TestZeroWithPerem</Filter>
    </Text>
    <Text Include="answer7.txt">
      <Filter>Resource Files\TestZeroWithPerem</Filter>
    </Text>
    <Text Include="input8.txt">
      <Filter>Resource Files\TestMixedOrder2</Filter>
    </Text>
    <Text Include="answer8.txt">
      <Filter>Resource Files\TestMixedOrder2</Filter>
    </Text>
    <Text Include="input9.txt">
      <Filter>Resource Files\TestMixedOrder3</Filter>
    </Text>
    <Text Include="answer9.txt">
      <Filter>Resource Files\TestMixedOrder3</Filter>
    </Text>
    <Text Include="input10.txt">
      <Filter>Resource Files\TestNumbers</Filter>
    </Text>
    <Text Include="answer10.txt">
      <Filter>Resource Files\TestNumbers</Filter>
    </Text>
  </ItemGroup>
  <ItemGroup>
    <None Include="packages.config" />
  </ItemGroup>
</Project>