<?xml version="1.0" encoding="utf-8"?>
<Project ToolsVersion="4.0" xmlns="http://schemas.microsoft.com/developer/msbuild/2003">
  <ItemGroup>
    <ClCompile Include="test.cpp" />
    <ClCompile Include="pch.cpp" />
  </ItemGroup>
  <ItemGroup>
    <ClInclude Include="pch.h" />
  </ItemGroup>
  <ItemGroup>
    <Filter Include="Resource Files">
      <UniqueIdentifier>{4aaf67d0-18ad-47ad-8327-e5cc3913e4cd}</UniqueIdentifier>
    </Filter>
    <Filter Include="Resource Files\TestZero1">
      <UniqueIdentifier>{20dbdfda-9a2b-4adc-a65b-d6d3321e938d}</UniqueIdentifier>
    </Filter>
    <Filter Include="Resource Files\TestZero2">
      <UniqueIdentifier>{86314a4c-5feb-4348-9af2-1ac24ede9fea}</UniqueIdentifier>
    </Filter>
    <Filter Include="Resource Files\TestZero3">
      <UniqueIdentifier>{5c8a7723-f152-4385-ad05-f09cf32a48dd}</UniqueIdentifier>
    </Filter>
    <Filter Include="Resource Files\TestMinValues">
      <UniqueIdentifier>{f5bca323-f5df-48e7-ba5f-96e85fd0c7b6}</UniqueIdentifier>
    </Filter>
    <Filter Include="Resource Files\TestMaxValues">
      <UniqueIdentifier>{ee699a50-6751-498a-a63b-d16c5764a937}</UniqueIdentifier>
    </Filter>
    <Filter Include="Resource Files\TetsDefault">
      <UniqueIdentifier>{bf93ab41-2398-493e-bd92-3196fef39d5e}</UniqueIdentifier>
    </Filter>
  </ItemGroup>
  <ItemGroup>
    <Text Include="input1.txt">
      <Filter>Resource Files\TestZero1</Filter>
    </Text>
    <Text Include="answer1.txt">
      <Filter>Resource Files\TestZero1</Filter>
    </Text>
    <Text Include="answer2.txt">
      <Filter>Resource Files\TestZero2</Filter>
    </Text>
    <Text Include="input2.txt">
      <Filter>Resource Files\TestZero2</Filter>
    </Text>
    <Text Include="answer3.txt">
      <Filter>Resource Files\TestZero3</Filter>
    </Text>
    <Text Include="input3.txt">
      <Filter>Resource Files\TestZero3</Filter>
    </Text>
    <Text Include="answer4.txt">
      <Filter>Resource Files\TestMinValues</Filter>
    </Text>
    <Text Include="input4.txt">
      <Filter>Resource Files\TestMinValues</Filter>
    </Text>
    <Text Include="answer5.txt">
      <Filter>Resource Files\TestMaxValues</Filter>
    </Text>
    <Text Include="input5.txt">
      <Filter>Resource Files\TestMaxValues</Filter>
    </Text>
    <Text Include="answer6.txt">
      <Filter>Resource Files\TetsDefault</Filter>
    </Text>
    <Text Include="input6.txt">
      <Filter>Resource Files\TetsDefault</Filter>
    </Text>
  </ItemGroup>
  <ItemGroup>
    <None Include="packages.config" />
  </ItemGroup>
</Project>