
Microsoft Visual Studio Solution File, Format Version 12.00
# Visual Studio 15
VisualStudioVersion = 15.0.28010.2019
MinimumVisualStudioVersion = 10.0.40219.1
Project("{8BC9CEB8-8B4A-11D0-8D11-00A0C91BC942}") = "task0г", "task0г\task0г.vcxproj", "{B16991D1-CD4E-4140-9326-CE6F3E9ADF65}"
EndProject
Project("{8BC9CEB8-8B4A-11D0-8D11-00A0C91BC942}") = "task1е", "task1е\task1е.vcxproj", "{9383F1A7-7F10-4F29-A766-5CC597222FB8}"
EndProject
Project("{8BC9CEB8-8B4A-11D0-8D11-00A0C91BC942}") = "task4б", "task4б\task4б.vcxproj", "{2E4CEDA7-73E7-4D87-ABD7-E1CFA8D3F7AC}"
EndProject
Project("{8BC9CEB8-8B4A-11D0-8D11-00A0C91BC942}") = "task2б", "task2б\task2б.vcxproj", "{7B7F2F7E-5E09-47BC-8534-C205BE881737}"
EndProject
Project("{8BC9CEB8-8B4A-11D0-8D11-00A0C91BC942}") = "task2г", "task2г\task2г.vcxproj", "{AC5A631D-CEC0-4B3C-922A-AF5863CCBB08}"
EndProject
Project("{8BC9CEB8-8B4A-11D0-8D11-00A0C91BC942}") = "task3д", "task3д\task3д.vcxproj", "{D3CDA623-AE8A-4A09-B693-770E261B67D7}"
EndProject
Global
	GlobalSection(SolutionConfigurationPlatforms) = preSolution
		Debug|x64 = Debug|x64
		Debug|x86 = Debug|x86
		Release|x64 = Release|x64
		Release|x86 = Release|x86
	EndGlobalSection
	GlobalSection(ProjectConfigurationPlatforms) = postSolution
		{B16991D1-CD4E-4140-9326-CE6F3E9ADF65}.Debug|x64.ActiveCfg = Debug|x64
		{B16991D1-CD4E-4140-9326-CE6F3E9ADF65}.Debug|x64.Build.0 = Debug|x64
		{B16991D1-CD4E-4140-9326-CE6F3E9ADF65}.Debug|x86.ActiveCfg = Debug|Win32
		{B16991D1-CD4E-4140-9326-CE6F3E9ADF65}.Debug|x86.Build.0 = Debug|Win32
		{B16991D1-CD4E-4140-9326-CE6F3E9ADF65}.Release|x64.ActiveCfg = Release|x64
		{B16991D1-CD4E-4140-9326-CE6F3E9ADF65}.Release|x64.Build.0 = Release|x64
		{B16991D1-CD4E-4140-9326-CE6F3E9ADF65}.Release|x86.ActiveCfg = Release|Win32
		{B16991D1-CD4E-4140-9326-CE6F3E9ADF65}.Release|x86.Build.0 = Release|Win32
		{9383F1A7-7F10-4F29-A766-5CC597222FB8}.Debug|x64.ActiveCfg = Debug|x64
		{9383F1A7-7F10-4F29-A766-5CC597222FB8}.Debug|x64.Build.0 = Debug|x64
		{9383F1A7-7F10-4F29-A766-5CC597222FB8}.Debug|x86.ActiveCfg = Debug|Win32
		{9383F1A7-7F10-4F29-A766-5CC597222FB8}.Debug|x86.Build.0 = Debug|Win32
		{9383F1A7-7F10-4F29-A766-5CC597222FB8}.Release|x64.ActiveCfg = Release|x64
		{9383F1A7-7F10-4F29-A766-5CC597222FB8}.Release|x64.Build.0 = Release|x64
		{9383F1A7-7F10-4F29-A766-5CC597222FB8}.Release|x86.ActiveCfg = Release|Win32
		{9383F1A7-7F10-4F29-A766-5CC597222FB8}.Release|x86.Build.0 = Release|Win32
		{2E4CEDA7-73E7-4D87-ABD7-E1CFA8D3F7AC}.Debug|x64.ActiveCfg = Debug|x64
		{2E4CEDA7-73E7-4D87-ABD7-E1CFA8D3F7AC}.Debug|x64.Build.0 = Debug|x64
		{2E4CEDA7-73E7-4D87-ABD7-E1CFA8D3F7AC}.Debug|x86.ActiveCfg = Debug|Win32
		{2E4CEDA7-73E7-4D87-ABD7-E1CFA8D3F7AC}.Debug|x86.Build.0 = Debug|Win32
		{2E4CEDA7-73E7-4D87-ABD7-E1CFA8D3F7AC}.Release|x64.ActiveCfg = Release|x64
		{2E4CEDA7-73E7-4D87-ABD7-E1CFA8D3F7AC}.Release|x64.Build.0 = Release|x64
		{2E4CEDA7-73E7-4D87-ABD7-E1CFA8D3F7AC}.Release|x86.ActiveCfg = Release|Win32
		{2E4CEDA7-73E7-4D87-ABD7-E1CFA8D3F7AC}.Release|x86.Build.0 = Release|Win32
		{7B7F2F7E-5E09-47BC-8534-C205BE881737}.Debug|x64.ActiveCfg = Debug|x64
		{7B7F2F7E-5E09-47BC-8534-C205BE881737}.Debug|x64.Build.0 = Debug|x64
		{7B7F2F7E-5E09-47BC-8534-C205BE881737}.Debug|x86.ActiveCfg = Debug|Win32
		{7B7F2F7E-5E09-47BC-8534-C205BE881737}.Debug|x86.Build.0 = Debug|Win32
		{7B7F2F7E-5E09-47BC-8534-C205BE881737}.Release|x64.ActiveCfg = Release|x64
		{7B7F2F7E-5E09-47BC-8534-C205BE881737}.Release|x64.Build.0 = Release|x64
		{7B7F2F7E-5E09-47BC-8534-C205BE881737}.Release|x86.ActiveCfg = Release|Win32
		{7B7F2F7E-5E09-47BC-8534-C205BE881737}.Release|x86.Build.0 = Release|Win32
		{AC5A631D-CEC0-4B3C-922A-AF5863CCBB08}.Debug|x64.ActiveCfg = Debug|x64
		{AC5A631D-CEC0-4B3C-922A-AF5863CCBB08}.Debug|x64.Build.0 = Debug|x64
		{AC5A631D-CEC0-4B3C-922A-AF5863CCBB08}.Debug|x86.ActiveCfg = Debug|Win32
		{AC5A631D-CEC0-4B3C-922A-AF5863CCBB08}.Debug|x86.Build.0 = Debug|Win32
		{AC5A631D-CEC0-4B3C-922A-AF5863CCBB08}.Release|x64.ActiveCfg = Release|x64
		{AC5A631D-CEC0-4B3C-922A-AF5863CCBB08}.Release|x64.Build.0 = Release|x64
		{AC5A631D-CEC0-4B3C-922A-AF5863CCBB08}.Release|x86.ActiveCfg = Release|Win32
		{AC5A631D-CEC0-4B3C-922A-AF5863CCBB08}.Release|x86.Build.0 = Release|Win32
		{D3CDA623-AE8A-4A09-B693-770E261B67D7}.Debug|x64.ActiveCfg = Debug|x64
		{D3CDA623-AE8A-4A09-B693-770E261B67D7}.Debug|x64.Build.0 = Debug|x64
		{D3CDA623-AE8A-4A09-B693-770E261B67D7}.Debug|x86.ActiveCfg = Debug|Win32
		{D3CDA623-AE8A-4A09-B693-770E261B67D7}.Debug|x86.Build.0 = Debug|Win32
		{D3CDA623-AE8A-4A09-B693-770E261B67D7}.Release|x64.ActiveCfg = Release|x64
		{D3CDA623-AE8A-4A09-B693-770E261B67D7}.Release|x64.Build.0 = Release|x64
		{D3CDA623-AE8A-4A09-B693-770E261B67D7}.Release|x86.ActiveCfg = Release|Win32
		{D3CDA623-AE8A-4A09-B693-770E261B67D7}.Release|x86.Build.0 = Release|Win32
	EndGlobalSection
	GlobalSection(SolutionProperties) = preSolution
		HideSolutionNode = FALSE
	EndGlobalSection
	GlobalSection(ExtensibilityGlobals) = postSolution
		SolutionGuid = {20AC628D-7071-44EB-B893-3E14E7B7FEBC}
	EndGlobalSection
EndGlobal
